
Microsoft Visual Studio Solution File, Format Version 12.00
# Visual Studio Version 16
VisualStudioVersion = 16.0.31729.503
MinimumVisualStudioVersion = 10.0.40219.1
Project("{FAE04EC0-301F-11D3-BF4B-00C04F79EFBC}") = "Gregorius Alvin_Elian_FinalBattleGame", "Gregorius Alvin_FinalBattleGame\Gregorius Alvin_Elian_FinalBattleGame.csproj", "{91247A20-C7C5-43EF-AFD9-C7A5B953EFCA}"
EndProject
Global
	GlobalSection(SolutionConfigurationPlatforms) = preSolution
		Debug|Any CPU = Debug|Any CPU
		Release|Any CPU = Release|Any CPU
	EndGlobalSection
	GlobalSection(ProjectConfigurationPlatforms) = postSolution
		{91247A20-C7C5-43EF-AFD9-C7A5B953EFCA}.Debug|Any CPU.ActiveCfg = Debug|Any CPU
		{91247A20-C7C5-43EF-AFD9-C7A5B953EFCA}.Debug|Any CPU.Build.0 = Debug|Any CPU
		{91247A20-C7C5-43EF-AFD9-C7A5B953EFCA}.Release|Any CPU.ActiveCfg = Release|Any CPU
		{91247A20-C7C5-43EF-AFD9-C7A5B953EFCA}.Release|Any CPU.Build.0 = Release|Any CPU
	EndGlobalSection
	GlobalSection(SolutionProperties) = preSolution
		HideSolutionNode = FALSE
	EndGlobalSection
	GlobalSection(ExtensibilityGlobals) = postSolution
		SolutionGuid = {497477CA-B591-4F0E-89FA-0BC71EC73419}
	EndGlobalSection
EndGlobal
